
Microsoft Visual Studio Solution File, Format Version 12.00
# Visual Studio 2013
VisualStudioVersion = 12.0.21005.1
MinimumVisualStudioVersion = 10.0.40219.1
Project("{FAE04EC0-301F-11D3-BF4B-00C04F79EFBC}") = "Quiron.LojaVirtual.Dominio", "Quiron.LojaVirtual.Dominio\Quiron.LojaVirtual.Dominio.csproj", "{69F4DDF5-6B62-436F-B298-FFFD1A7394A8}"
EndProject
Project("{FAE04EC0-301F-11D3-BF4B-00C04F79EFBC}") = "Quiron.LojaVirtual.Web", "Quiron.LojaVirtual.Web\Quiron.LojaVirtual.Web.csproj", "{37EFE155-2DBD-4DB0-A683-14621024977E}"
EndProject
Project("{FAE04EC0-301F-11D3-BF4B-00C04F79EFBC}") = "Quiron.LojaVirtual.UnitTest", "Quiron.LojaVirtual.UnitTest\Quiron.LojaVirtual.UnitTest.csproj", "{906A629B-B6F0-4C45-BBE7-037226EDC315}"
EndProject
Global
	GlobalSection(SolutionConfigurationPlatforms) = preSolution
		Debug|Any CPU = Debug|Any CPU
		Release|Any CPU = Release|Any CPU
	EndGlobalSection
	GlobalSection(ProjectConfigurationPlatforms) = postSolution
		{69F4DDF5-6B62-436F-B298-FFFD1A7394A8}.Debug|Any CPU.ActiveCfg = Debug|Any CPU
		{69F4DDF5-6B62-436F-B298-FFFD1A7394A8}.Debug|Any CPU.Build.0 = Debug|Any CPU
		{69F4DDF5-6B62-436F-B298-FFFD1A7394A8}.Release|Any CPU.ActiveCfg = Release|Any CPU
		{69F4DDF5-6B62-436F-B298-FFFD1A7394A8}.Release|Any CPU.Build.0 = Release|Any CPU
		{37EFE155-2DBD-4DB0-A683-14621024977E}.Debug|Any CPU.ActiveCfg = Debug|Any CPU
		{37EFE155-2DBD-4DB0-A683-14621024977E}.Debug|Any CPU.Build.0 = Debug|Any CPU
		{37EFE155-2DBD-4DB0-A683-14621024977E}.Release|Any CPU.ActiveCfg = Release|Any CPU
		{37EFE155-2DBD-4DB0-A683-14621024977E}.Release|Any CPU.Build.0 = Release|Any CPU
		{906A629B-B6F0-4C45-BBE7-037226EDC315}.Debug|Any CPU.ActiveCfg = Debug|Any CPU
		{906A629B-B6F0-4C45-BBE7-037226EDC315}.Debug|Any CPU.Build.0 = Debug|Any CPU
		{906A629B-B6F0-4C45-BBE7-037226EDC315}.Release|Any CPU.ActiveCfg = Release|Any CPU
		{906A629B-B6F0-4C45-BBE7-037226EDC315}.Release|Any CPU.Build.0 = Release|Any CPU
	EndGlobalSection
	GlobalSection(SolutionProperties) = preSolution
		HideSolutionNode = FALSE
	EndGlobalSection
EndGlobal
